
Microsoft Visual Studio Solution File, Format Version 12.00
# Visual Studio 15
VisualStudioVersion = 15.0.28010.2041
MinimumVisualStudioVersion = 10.0.40219.1
Project("{FAE04EC0-301F-11D3-BF4B-00C04F79EFBC}") = "LocalizationStringInterpolationBug", "LocalizationStringInterpolationBug\LocalizationStringInterpolationBug.csproj", "{0C3D89C2-7370-4F5E-9D07-F00CB1FEBE7A}"
EndProject
Global
	GlobalSection(SolutionConfigurationPlatforms) = preSolution
		Debug|Any CPU = Debug|Any CPU
		Release|Any CPU = Release|Any CPU
	EndGlobalSection
	GlobalSection(ProjectConfigurationPlatforms) = postSolution
		{0C3D89C2-7370-4F5E-9D07-F00CB1FEBE7A}.Debug|Any CPU.ActiveCfg = Debug|Any CPU
		{0C3D89C2-7370-4F5E-9D07-F00CB1FEBE7A}.Debug|Any CPU.Build.0 = Debug|Any CPU
		{0C3D89C2-7370-4F5E-9D07-F00CB1FEBE7A}.Release|Any CPU.ActiveCfg = Release|Any CPU
		{0C3D89C2-7370-4F5E-9D07-F00CB1FEBE7A}.Release|Any CPU.Build.0 = Release|Any CPU
	EndGlobalSection
	GlobalSection(SolutionProperties) = preSolution
		HideSolutionNode = FALSE
	EndGlobalSection
	GlobalSection(ExtensibilityGlobals) = postSolution
		SolutionGuid = {3B7CDDAD-C238-4897-BBB8-6E103B7ADF15}
	EndGlobalSection
EndGlobal
